
Microsoft Visual Studio Solution File, Format Version 12.00
# Visual Studio Version 16
VisualStudioVersion = 16.0.30709.132
MinimumVisualStudioVersion = 10.0.40219.1
Project("{FAE04EC0-301F-11D3-BF4B-00C04F79EFBC}") = "DotNetGraphQL", "DotNetGraphQL.csproj", "{8F07D487-1E40-4C36-81A6-89DA0EB7EC0C}"
EndProject
Global
	GlobalSection(SolutionConfigurationPlatforms) = preSolution
		Debug|Any CPU = Debug|Any CPU
		Release|Any CPU = Release|Any CPU
	EndGlobalSection
	GlobalSection(ProjectConfigurationPlatforms) = postSolution
		{8F07D487-1E40-4C36-81A6-89DA0EB7EC0C}.Debug|Any CPU.ActiveCfg = Debug|Any CPU
		{8F07D487-1E40-4C36-81A6-89DA0EB7EC0C}.Debug|Any CPU.Build.0 = Debug|Any CPU
		{8F07D487-1E40-4C36-81A6-89DA0EB7EC0C}.Release|Any CPU.ActiveCfg = Release|Any CPU
		{8F07D487-1E40-4C36-81A6-89DA0EB7EC0C}.Release|Any CPU.Build.0 = Release|Any CPU
	EndGlobalSection
	GlobalSection(SolutionProperties) = preSolution
		HideSolutionNode = FALSE
	EndGlobalSection
	GlobalSection(ExtensibilityGlobals) = postSolution
		SolutionGuid = {0955FE5B-5998-460C-92EC-E2D041FF7ADB}
	EndGlobalSection
EndGlobal
